// !$*UTF8*$!
{
	archiveVersion = 1;
	classes = {
	};
	objectVersion = 48;
	objects = {

/* Begin PBXBuildFile section */
		525E2474205EF0380037A959 /* EditingRow.swift in Sources */ = {isa = PBXBuildFile; fileRef = 525E2473205EF0380037A959 /* EditingRow.swift */; };
		525E2476205EF41F0037A959 /* CMLCTableView.swift in Sources */ = {isa = PBXBuildFile; fileRef = 525E2475205EF41F0037A959 /* CMLCTableView.swift */; };
		5283FEBE2048B70B0054FEA6 /* AppDelegate.swift in Sources */ = {isa = PBXBuildFile; fileRef = 5283FEBD2048B70B0054FEA6 /* AppDelegate.swift */; };
		5283FEC02048B70B0054FEA6 /* CMLCViewController.swift in Sources */ = {isa = PBXBuildFile; fileRef = 5283FEBF2048B70B0054FEA6 /* CMLCViewController.swift */; };
		5283FEC32048B70B0054FEA6 /* Main.storyboard in Resources */ = {isa = PBXBuildFile; fileRef = 5283FEC12048B70B0054FEA6 /* Main.storyboard */; };
		5283FEC52048B70B0054FEA6 /* Assets.xcassets in Resources */ = {isa = PBXBuildFile; fileRef = 5283FEC42048B70B0054FEA6 /* Assets.xcassets */; };
		5283FEC82048B70B0054FEA6 /* LaunchScreen.storyboard in Resources */ = {isa = PBXBuildFile; fileRef = 5283FEC62048B70B0054FEA6 /* LaunchScreen.storyboard */; };
		5283FED0204B187A0054FEA6 /* CMLCError.swift in Sources */ = {isa = PBXBuildFile; fileRef = 5283FECF204B187A0054FEA6 /* CMLCError.swift */; };
		5283FED3204B63860054FEA6 /* MobileNet.mlmodel in Sources */ = {isa = PBXBuildFile; fileRef = 5283FED2204B63860054FEA6 /* MobileNet.mlmodel */; };
		5283FED7204C4F600054FEA6 /* SqueezeNet.cmlc in Resources */ = {isa = PBXBuildFile; fileRef = 5283FED6204C4F600054FEA6 /* SqueezeNet.cmlc */; };
		5283FED9204C51080054FEA6 /* Helper.swift in Sources */ = {isa = PBXBuildFile; fileRef = 5283FED8204C51080054FEA6 /* Helper.swift */; };
		5283FEDB204C5C400054FEA6 /* Log.swift in Sources */ = {isa = PBXBuildFile; fileRef = 5283FEDA204C5C400054FEA6 /* Log.swift */; };
		5283FEDD204C996C0054FEA6 /* Models.swift in Sources */ = {isa = PBXBuildFile; fileRef = 5283FEDC204C996C0054FEA6 /* Models.swift */; };
		5283FEE1204C9AC60054FEA6 /* Model.swift in Sources */ = {isa = PBXBuildFile; fileRef = 5283FEE0204C9AC60054FEA6 /* Model.swift */; };
		5283FEE3204DF1A90054FEA6 /* ResultsTableView.swift in Sources */ = {isa = PBXBuildFile; fileRef = 5283FEE2204DF1A90054FEA6 /* ResultsTableView.swift */; };
/* End PBXBuildFile section */

/* Begin PBXFileReference section */
		525E2473205EF0380037A959 /* EditingRow.swift */ = {isa = PBXFileReference; lastKnownFileType = sourcecode.swift; path = EditingRow.swift; sourceTree = "<group>"; };
		525E2475205EF41F0037A959 /* CMLCTableView.swift */ = {isa = PBXFileReference; lastKnownFileType = sourcecode.swift; path = CMLCTableView.swift; sourceTree = "<group>"; };
		5283FEBA2048B70B0054FEA6 /* CoreMLCompare.app */ = {isa = PBXFileReference; explicitFileType = wrapper.application; includeInIndex = 0; path = CoreMLCompare.app; sourceTree = BUILT_PRODUCTS_DIR; };
		5283FEBD2048B70B0054FEA6 /* AppDelegate.swift */ = {isa = PBXFileReference; lastKnownFileType = sourcecode.swift; path = AppDelegate.swift; sourceTree = "<group>"; };
		5283FEBF2048B70B0054FEA6 /* CMLCViewController.swift */ = {isa = PBXFileReference; lastKnownFileType = sourcecode.swift; path = CMLCViewController.swift; sourceTree = "<group>"; };
		5283FEC22048B70B0054FEA6 /* Base */ = {isa = PBXFileReference; lastKnownFileType = file.storyboard; name = Base; path = Base.lproj/Main.storyboard; sourceTree = "<group>"; };
		5283FEC42048B70B0054FEA6 /* Assets.xcassets */ = {isa = PBXFileReference; lastKnownFileType = folder.assetcatalog; path = Assets.xcassets; sourceTree = "<group>"; };
		5283FEC72048B70B0054FEA6 /* Base */ = {isa = PBXFileReference; lastKnownFileType = file.storyboard; name = Base; path = Base.lproj/LaunchScreen.storyboard; sourceTree = "<group>"; };
		5283FEC92048B70B0054FEA6 /* Info.plist */ = {isa = PBXFileReference; lastKnownFileType = text.plist.xml; path = Info.plist; sourceTree = "<group>"; };
		5283FECF204B187A0054FEA6 /* CMLCError.swift */ = {isa = PBXFileReference; lastKnownFileType = sourcecode.swift; path = CMLCError.swift; sourceTree = "<group>"; };
		5283FED2204B63860054FEA6 /* MobileNet.mlmodel */ = {isa = PBXFileReference; lastKnownFileType = file.mlmodel; name = MobileNet.mlmodel; path = CoreMLCompare/MobileNet.mlmodel; sourceTree = SOURCE_ROOT; };
		5283FED6204C4F600054FEA6 /* SqueezeNet.cmlc */ = {isa = PBXFileReference; lastKnownFileType = file; name = SqueezeNet.cmlc; path = CoreMLCompare/SqueezeNet.cmlc; sourceTree = SOURCE_ROOT; };
		5283FED8204C51080054FEA6 /* Helper.swift */ = {isa = PBXFileReference; lastKnownFileType = sourcecode.swift; path = Helper.swift; sourceTree = "<group>"; };
		5283FEDA204C5C400054FEA6 /* Log.swift */ = {isa = PBXFileReference; lastKnownFileType = sourcecode.swift; path = Log.swift; sourceTree = "<group>"; };
		5283FEDC204C996C0054FEA6 /* Models.swift */ = {isa = PBXFileReference; lastKnownFileType = sourcecode.swift; path = Models.swift; sourceTree = "<group>"; };
		5283FEE0204C9AC60054FEA6 /* Model.swift */ = {isa = PBXFileReference; lastKnownFileType = sourcecode.swift; path = Model.swift; sourceTree = "<group>"; };
		5283FEE2204DF1A90054FEA6 /* ResultsTableView.swift */ = {isa = PBXFileReference; lastKnownFileType = sourcecode.swift; path = ResultsTableView.swift; sourceTree = "<group>"; };
/* End PBXFileReference section */

/* Begin PBXFrameworksBuildPhase section */
		5283FEB72048B70B0054FEA6 /* Frameworks */ = {
			isa = PBXFrameworksBuildPhase;
			buildActionMask = 2147483647;
			files = (
			);
			runOnlyForDeploymentPostprocessing = 0;
		};
/* End PBXFrameworksBuildPhase section */

/* Begin PBXGroup section */
		5283FEB12048B70B0054FEA6 = {
			isa = PBXGroup;
			children = (
				5283FEBC2048B70B0054FEA6 /* CoreMLCompare */,
				5283FEBB2048B70B0054FEA6 /* Products */,
			);
			sourceTree = "<group>";
		};
		5283FEBB2048B70B0054FEA6 /* Products */ = {
			isa = PBXGroup;
			children = (
				5283FEBA2048B70B0054FEA6 /* CoreMLCompare.app */,
			);
			name = Products;
			sourceTree = "<group>";
		};
		5283FEBC2048B70B0054FEA6 /* CoreMLCompare */ = {
			isa = PBXGroup;
			children = (
				5283FED1204B623F0054FEA6 /* CoreML Models */,
				5283FEDE204C9A630054FEA6 /* Model */,
				5283FEDF204C9A7A0054FEA6 /* View */,
				5283FEBD2048B70B0054FEA6 /* AppDelegate.swift */,
				5283FECF204B187A0054FEA6 /* CMLCError.swift */,
				5283FED8204C51080054FEA6 /* Helper.swift */,
				5283FEDA204C5C400054FEA6 /* Log.swift */,
				5283FEC12048B70B0054FEA6 /* Main.storyboard */,
				5283FEC42048B70B0054FEA6 /* Assets.xcassets */,
				5283FEC62048B70B0054FEA6 /* LaunchScreen.storyboard */,
				5283FEC92048B70B0054FEA6 /* Info.plist */,
			);
			path = CoreMLCompare;
			sourceTree = "<group>";
		};
		5283FED1204B623F0054FEA6 /* CoreML Models */ = {
			isa = PBXGroup;
			children = (
				5283FED6204C4F600054FEA6 /* SqueezeNet.cmlc */,
				5283FED2204B63860054FEA6 /* MobileNet.mlmodel */,
			);
			path = "CoreML Models";
			sourceTree = "<group>";
		};
		5283FEDE204C9A630054FEA6 /* Model */ = {
			isa = PBXGroup;
			children = (
				5283FEE0204C9AC60054FEA6 /* Model.swift */,
				5283FEDC204C996C0054FEA6 /* Models.swift */,
			);
			path = Model;
			sourceTree = "<group>";
		};
		5283FEDF204C9A7A0054FEA6 /* View */ = {
			isa = PBXGroup;
			children = (
				525E2473205EF0380037A959 /* EditingRow.swift */,
				525E2475205EF41F0037A959 /* CMLCTableView.swift */,
				5283FEE2204DF1A90054FEA6 /* ResultsTableView.swift */,
				5283FEBF2048B70B0054FEA6 /* CMLCViewController.swift */,
			);
			path = View;
			sourceTree = "<group>";
		};
/* End PBXGroup section */

/* Begin PBXNativeTarget section */
		5283FEB92048B70B0054FEA6 /* CoreMLCompare */ = {
			isa = PBXNativeTarget;
			buildConfigurationList = 5283FECC2048B70B0054FEA6 /* Build configuration list for PBXNativeTarget "CoreMLCompare" */;
			buildPhases = (
				5283FEB62048B70B0054FEA6 /* Sources */,
				5283FEB72048B70B0054FEA6 /* Frameworks */,
				5283FEB82048B70B0054FEA6 /* Resources */,
			);
			buildRules = (
			);
			dependencies = (
			);
			name = CoreMLCompare;
			productName = CoreMLCompare;
			productReference = 5283FEBA2048B70B0054FEA6 /* CoreMLCompare.app */;
			productType = "com.apple.product-type.application";
		};
/* End PBXNativeTarget section */

/* Begin PBXProject section */
		5283FEB22048B70B0054FEA6 /* Project object */ = {
			isa = PBXProject;
			attributes = {
				LastSwiftUpdateCheck = 0920;
				LastUpgradeCheck = 0920;
				ORGANIZATIONNAME = "Cristian Sava";
				TargetAttributes = {
					5283FEB92048B70B0054FEA6 = {
						CreatedOnToolsVersion = 9.2;
						ProvisioningStyle = Automatic;
					};
				};
			};
			buildConfigurationList = 5283FEB52048B70B0054FEA6 /* Build configuration list for PBXProject "CoreMLCompare" */;
			compatibilityVersion = "Xcode 8.0";
			developmentRegion = en;
			hasScannedForEncodings = 0;
			knownRegions = (
				en,
				Base,
			);
			mainGroup = 5283FEB12048B70B0054FEA6;
			productRefGroup = 5283FEBB2048B70B0054FEA6 /* Products */;
			projectDirPath = "";
			projectRoot = "";
			targets = (
				5283FEB92048B70B0054FEA6 /* CoreMLCompare */,
			);
		};
/* End PBXProject section */

/* Begin PBXResourcesBuildPhase section */
		5283FEB82048B70B0054FEA6 /* Resources */ = {
			isa = PBXResourcesBuildPhase;
			buildActionMask = 2147483647;
			files = (
				5283FEC82048B70B0054FEA6 /* LaunchScreen.storyboard in Resources */,
				5283FED7204C4F600054FEA6 /* SqueezeNet.cmlc in Resources */,
				5283FEC52048B70B0054FEA6 /* Assets.xcassets in Resources */,
				5283FEC32048B70B0054FEA6 /* Main.storyboard in Resources */,
			);
			runOnlyForDeploymentPostprocessing = 0;
		};
/* End PBXResourcesBuildPhase section */

/* Begin PBXSourcesBuildPhase section */
		5283FEB62048B70B0054FEA6 /* Sources */ = {
			isa = PBXSourcesBuildPhase;
			buildActionMask = 2147483647;
			files = (
				5283FED3204B63860054FEA6 /* MobileNet.mlmodel in Sources */,
				525E2476205EF41F0037A959 /* CMLCTableView.swift in Sources */,
				5283FEC02048B70B0054FEA6 /* CMLCViewController.swift in Sources */,
				5283FEDB204C5C400054FEA6 /* Log.swift in Sources */,
				5283FED9204C51080054FEA6 /* Helper.swift in Sources */,
				5283FEE3204DF1A90054FEA6 /* ResultsTableView.swift in Sources */,
				525E2474205EF0380037A959 /* EditingRow.swift in Sources */,
				5283FEBE2048B70B0054FEA6 /* AppDelegate.swift in Sources */,
				5283FED0204B187A0054FEA6 /* CMLCError.swift in Sources */,
				5283FEDD204C996C0054FEA6 /* Models.swift in Sources */,
				5283FEE1204C9AC60054FEA6 /* Model.swift in Sources */,
			);
			runOnlyForDeploymentPostprocessing = 0;
		};
/* End PBXSourcesBuildPhase section */

/* Begin PBXVariantGroup section */
		5283FEC12048B70B0054FEA6 /* Main.storyboard */ = {
			isa = PBXVariantGroup;
			children = (
				5283FEC22048B70B0054FEA6 /* Base */,
			);
			name = Main.storyboard;
			sourceTree = "<group>";
		};
		5283FEC62048B70B0054FEA6 /* LaunchScreen.storyboard */ = {
			isa = PBXVariantGroup;
			children = (
				5283FEC72048B70B0054FEA6 /* Base */,
			);
			name = LaunchScreen.storyboard;
			sourceTree = "<group>";
		};
/* End PBXVariantGroup section */

/* Begin XCBuildConfiguration section */
		5283FECA2048B70B0054FEA6 /* Debug */ = {
			isa = XCBuildConfiguration;
			buildSettings = {
				ALWAYS_SEARCH_USER_PATHS = NO;
				CLANG_ANALYZER_NONNULL = YES;
				CLANG_ANALYZER_NUMBER_OBJECT_CONVERSION = YES_AGGRESSIVE;
				CLANG_CXX_LANGUAGE_STANDARD = "gnu++14";
				CLANG_CXX_LIBRARY = "libc++";
				CLANG_ENABLE_MODULES = YES;
				CLANG_ENABLE_OBJC_ARC = YES;
				CLANG_WARN_BLOCK_CAPTURE_AUTORELEASING = YES;
				CLANG_WARN_BOOL_CONVERSION = YES;
				CLANG_WARN_COMMA = YES;
				CLANG_WARN_CONSTANT_CONVERSION = YES;
				CLANG_WARN_DIRECT_OBJC_ISA_USAGE = YES_ERROR;
				CLANG_WARN_DOCUMENTATION_COMMENTS = YES;
				CLANG_WARN_EMPTY_BODY = YES;
				CLANG_WARN_ENUM_CONVERSION = YES;
				CLANG_WARN_INFINITE_RECURSION = YES;
				CLANG_WARN_INT_CONVERSION = YES;
				CLANG_WARN_NON_LITERAL_NULL_CONVERSION = YES;
				CLANG_WARN_OBJC_LITERAL_CONVERSION = YES;
				CLANG_WARN_OBJC_ROOT_CLASS = YES_ERROR;
				CLANG_WARN_RANGE_LOOP_ANALYSIS = YES;
				CLANG_WARN_STRICT_PROTOTYPES = YES;
				CLANG_WARN_SUSPICIOUS_MOVE = YES;
				CLANG_WARN_UNGUARDED_AVAILABILITY = YES_AGGRESSIVE;
				CLANG_WARN_UNREACHABLE_CODE = YES;
				CLANG_WARN__DUPLICATE_METHOD_MATCH = YES;
				CODE_SIGN_IDENTITY = "iPhone Developer";
				COPY_PHASE_STRIP = NO;
				DEBUG_INFORMATION_FORMAT = dwarf;
				ENABLE_STRICT_OBJC_MSGSEND = YES;
				ENABLE_TESTABILITY = YES;
				GCC_C_LANGUAGE_STANDARD = gnu11;
				GCC_DYNAMIC_NO_PIC = NO;
				GCC_NO_COMMON_BLOCKS = YES;
				GCC_OPTIMIZATION_LEVEL = 0;
				GCC_PREPROCESSOR_DEFINITIONS = (
					"DEBUG=1",
					"$(inherited)",
				);
				GCC_WARN_64_TO_32_BIT_CONVERSION = YES;
				GCC_WARN_ABOUT_RETURN_TYPE = YES_ERROR;
				GCC_WARN_UNDECLARED_SELECTOR = YES;
				GCC_WARN_UNINITIALIZED_AUTOS = YES_AGGRESSIVE;
				GCC_WARN_UNUSED_FUNCTION = YES;
				GCC_WARN_UNUSED_VARIABLE = YES;
				IPHONEOS_DEPLOYMENT_TARGET = 11.2;
				MTL_ENABLE_DEBUG_INFO = YES;
				ONLY_ACTIVE_ARCH = YES;
				SDKROOT = iphoneos;
				SWIFT_ACTIVE_COMPILATION_CONDITIONS = DEBUG;
				SWIFT_OPTIMIZATION_LEVEL = "-Onone";
			};
			name = Debug;
		};
		5283FECB2048B70B0054FEA6 /* Release */ = {
			isa = XCBuildConfiguration;
			buildSettings = {
				ALWAYS_SEARCH_USER_PATHS = NO;
				CLANG_ANALYZER_NONNULL = YES;
				CLANG_ANALYZER_NUMBER_OBJECT_CONVERSION = YES_AGGRESSIVE;
				CLANG_CXX_LANGUAGE_STANDARD = "gnu++14";
				CLANG_CXX_LIBRARY = "libc++";
				CLANG_ENABLE_MODULES = YES;
				CLANG_ENABLE_OBJC_ARC = YES;
				CLANG_WARN_BLOCK_CAPTURE_AUTORELEASING = YES;
				CLANG_WARN_BOOL_CONVERSION = YES;
				CLANG_WARN_COMMA = YES;
				CLANG_WARN_CONSTANT_CONVERSION = YES;
				CLANG_WARN_DIRECT_OBJC_ISA_USAGE = YES_ERROR;
				CLANG_WARN_DOCUMENTATION_COMMENTS = YES;
				CLANG_WARN_EMPTY_BODY = YES;
				CLANG_WARN_ENUM_CONVERSION = YES;
				CLANG_WARN_INFINITE_RECURSION = YES;
				CLANG_WARN_INT_CONVERSION = YES;
				CLANG_WARN_NON_LITERAL_NULL_CONVERSION = YES;
				CLANG_WARN_OBJC_LITERAL_CONVERSION = YES;
				CLANG_WARN_OBJC_ROOT_CLASS = YES_ERROR;
				CLANG_WARN_RANGE_LOOP_ANALYSIS = YES;
				CLANG_WARN_STRICT_PROTOTYPES = YES;
				CLANG_WARN_SUSPICIOUS_MOVE = YES;
				CLANG_WARN_UNGUARDED_AVAILABILITY = YES_AGGRESSIVE;
				CLANG_WARN_UNREACHABLE_CODE = YES;
				CLANG_WARN__DUPLICATE_METHOD_MATCH = YES;
				CODE_SIGN_IDENTITY = "iPhone Developer";
				COPY_PHASE_STRIP = NO;
				DEBUG_INFORMATION_FORMAT = "dwarf-with-dsym";
				ENABLE_NS_ASSERTIONS = NO;
				ENABLE_STRICT_OBJC_MSGSEND = YES;
				GCC_C_LANGUAGE_STANDARD = gnu11;
				GCC_NO_COMMON_BLOCKS = YES;
				GCC_WARN_64_TO_32_BIT_CONVERSION = YES;
				GCC_WARN_ABOUT_RETURN_TYPE = YES_ERROR;
				GCC_WARN_UNDECLARED_SELECTOR = YES;
				GCC_WARN_UNINITIALIZED_AUTOS = YES_AGGRESSIVE;
				GCC_WARN_UNUSED_FUNCTION = YES;
				GCC_WARN_UNUSED_VARIABLE = YES;
				IPHONEOS_DEPLOYMENT_TARGET = 11.2;
				MTL_ENABLE_DEBUG_INFO = NO;
				SDKROOT = iphoneos;
				SWIFT_OPTIMIZATION_LEVEL = "-Owholemodule";
				VALIDATE_PRODUCT = YES;
			};
			name = Release;
		};
		5283FECD2048B70B0054FEA6 /* Debug */ = {
			isa = XCBuildConfiguration;
			buildSettings = {
				ASSETCATALOG_COMPILER_APPICON_NAME = AppIcon;
				CODE_SIGN_STYLE = Automatic;
				DEVELOPMENT_TEAM = 473859EV6W;
				INFOPLIST_FILE = CoreMLCompare/Info.plist;
				LD_RUNPATH_SEARCH_PATHS = "$(inherited) @executable_path/Frameworks";
				PRODUCT_BUNDLE_IDENTIFIER = com.sivu.CoreMLCompare;
				PRODUCT_NAME = "$(TARGET_NAME)";
				SWIFT_VERSION = 4.0;
				TARGETED_DEVICE_FAMILY = "1,2";
			};
			name = Debug;
		};
		5283FECE2048B70B0054FEA6 /* Release */ = {
			isa = XCBuildConfiguration;
			buildSettings = {
				ASSETCATALOG_COMPILER_APPICON_NAME = AppIcon;
				CODE_SIGN_STYLE = Automatic;
				DEVELOPMENT_TEAM = 473859EV6W;
				INFOPLIST_FILE = CoreMLCompare/Info.plist;
				LD_RUNPATH_SEARCH_PATHS = "$(inherited) @executable_path/Frameworks";
				PRODUCT_BUNDLE_IDENTIFIER = com.sivu.CoreMLCompare;
				PRODUCT_NAME = "$(TARGET_NAME)";
				SWIFT_VERSION = 4.0;
				TARGETED_DEVICE_FAMILY = "1,2";
			};
			name = Release;
		};
/* End XCBuildConfiguration section */

/* Begin XCConfigurationList section */
		5283FEB52048B70B0054FEA6 /* Build configuration list for PBXProject "CoreMLCompare" */ = {
			isa = XCConfigurationList;
			buildConfigurations = (
				5283FECA2048B70B0054FEA6 /* Debug */,
				5283FECB2048B70B0054FEA6 /* Release */,
			);
			defaultConfigurationIsVisible = 0;
			defaultConfigurationName = Release;
		};
		5283FECC2048B70B0054FEA6 /* Build configuration list for PBXNativeTarget "CoreMLCompare" */ = {
			isa = XCConfigurationList;
			buildConfigurations = (
				5283FECD2048B70B0054FEA6 /* Debug */,
				5283FECE2048B70B0054FEA6 /* Release */,
			);
			defaultConfigurationIsVisible = 0;
			defaultConfigurationName = Release;
		};
/* End XCConfigurationList section */
	};
	rootObject = 5283FEB22048B70B0054FEA6 /* Project object */;
}
